
Microsoft Visual Studio Solution File, Format Version 12.00
# Visual Studio Version 16
VisualStudioVersion = 16.0.30413.136
MinimumVisualStudioVersion = 10.0.40219.1
Project("{FAE04EC0-301F-11D3-BF4B-00C04F79EFBC}") = "ProxyParser (HideMyName)", "ProxyParser (HideMyName)\ProxyParser (HideMyName).csproj", "{E97D93E8-05CE-4241-9B31-EEE3A2914189}"
EndProject
Global
	GlobalSection(SolutionConfigurationPlatforms) = preSolution
		Debug|Any CPU = Debug|Any CPU
		Release|Any CPU = Release|Any CPU
	EndGlobalSection
	GlobalSection(ProjectConfigurationPlatforms) = postSolution
		{E97D93E8-05CE-4241-9B31-EEE3A2914189}.Debug|Any CPU.ActiveCfg = Debug|Any CPU
		{E97D93E8-05CE-4241-9B31-EEE3A2914189}.Debug|Any CPU.Build.0 = Debug|Any CPU
		{E97D93E8-05CE-4241-9B31-EEE3A2914189}.Release|Any CPU.ActiveCfg = Release|Any CPU
		{E97D93E8-05CE-4241-9B31-EEE3A2914189}.Release|Any CPU.Build.0 = Release|Any CPU
	EndGlobalSection
	GlobalSection(SolutionProperties) = preSolution
		HideSolutionNode = FALSE
	EndGlobalSection
	GlobalSection(ExtensibilityGlobals) = postSolution
		SolutionGuid = {95CA24D6-07C8-42BE-A9F9-395CBC674A65}
	EndGlobalSection
EndGlobal
